
Microsoft Visual Studio Solution File, Format Version 12.00
# Visual Studio Version 17
VisualStudioVersion = 17.0.32014.148
MinimumVisualStudioVersion = 10.0.40219.1
Project("{FAE04EC0-301F-11D3-BF4B-00C04F79EFBC}") = "ConsoleAppExample", "ConsoleAppExample\ConsoleAppExample.csproj", "{D5E64D53-0717-41EE-9E82-3DDF8F182011}"
EndProject
Global
	GlobalSection(SolutionConfigurationPlatforms) = preSolution
		Debug|Any CPU = Debug|Any CPU
		Release|Any CPU = Release|Any CPU
	EndGlobalSection
	GlobalSection(ProjectConfigurationPlatforms) = postSolution
		{D5E64D53-0717-41EE-9E82-3DDF8F182011}.Debug|Any CPU.ActiveCfg = Debug|Any CPU
		{D5E64D53-0717-41EE-9E82-3DDF8F182011}.Debug|Any CPU.Build.0 = Debug|Any CPU
		{D5E64D53-0717-41EE-9E82-3DDF8F182011}.Release|Any CPU.ActiveCfg = Release|Any CPU
		{D5E64D53-0717-41EE-9E82-3DDF8F182011}.Release|Any CPU.Build.0 = Release|Any CPU
	EndGlobalSection
	GlobalSection(SolutionProperties) = preSolution
		HideSolutionNode = FALSE
	EndGlobalSection
	GlobalSection(ExtensibilityGlobals) = postSolution
		SolutionGuid = {D21F5E14-AEFD-480B-8460-E796DD62DBA8}
	EndGlobalSection
EndGlobal
