
Microsoft Visual Studio Solution File, Format Version 12.00
# Visual Studio Version 17
VisualStudioVersion = 17.0.32014.148
MinimumVisualStudioVersion = 10.0.40219.1
Project("{FAE04EC0-301F-11D3-BF4B-00C04F79EFBC}") = "ConsoleAppInitializer", "ConsoleAppInitializer\ConsoleAppInitializer.csproj", "{EECC5EE8-3BF6-450A-A953-022E2FFDC641}"
EndProject
Global
	GlobalSection(SolutionConfigurationPlatforms) = preSolution
		Debug|Any CPU = Debug|Any CPU
		Release|Any CPU = Release|Any CPU
	EndGlobalSection
	GlobalSection(ProjectConfigurationPlatforms) = postSolution
		{EECC5EE8-3BF6-450A-A953-022E2FFDC641}.Debug|Any CPU.ActiveCfg = Debug|Any CPU
		{EECC5EE8-3BF6-450A-A953-022E2FFDC641}.Debug|Any CPU.Build.0 = Debug|Any CPU
		{EECC5EE8-3BF6-450A-A953-022E2FFDC641}.Release|Any CPU.ActiveCfg = Release|Any CPU
		{EECC5EE8-3BF6-450A-A953-022E2FFDC641}.Release|Any CPU.Build.0 = Release|Any CPU
	EndGlobalSection
	GlobalSection(SolutionProperties) = preSolution
		HideSolutionNode = FALSE
	EndGlobalSection
	GlobalSection(ExtensibilityGlobals) = postSolution
		SolutionGuid = {671F31D0-E135-42B2-BAC5-E68B4B880742}
	EndGlobalSection
EndGlobal
